{
  "name": "Portfolio",
  "lockfileVersion": 3,
  "requires": true,
  "packages": {
    "": {
      "dependencies": {
        "tagcloud": "^1.1.0-1"
      }
    },
    "node_modules/jquery": {
      "version": "3.7.1",
      "resolved": "https://registry.npmjs.org/jquery/-/jquery-3.7.1.tgz",
      "integrity": "sha512-m4avr8yL8kmFN8psrbFFFmB/If14iN5o9nw/NgnnM+kybDJpRsAynV2BsfpTYrTRysYUdADVD7CkUUizgkpLfg==",
      "license": "MIT"
    },
    "node_modules/tagcloud": {
      "version": "1.1.0-1",
      "resolved": "https://registry.npmjs.org/tagcloud/-/tagcloud-1.1.0-1.tgz",
      "integrity": "sha512-9uLAhjXykfGnnJxGtFxTJkPGI578SgUkMfMXapvzUs9O+XtiK8P4eyFipaFX/WE887lCX2mEuzea2X3e9T2oaA==",
      "dependencies": {
        "jquery": ">=1.4"
      }
    }
  }
}
